# THIS IS AN AUTOGENERATED LOCKFILE. DO NOT EDIT MANUALLY.
annotated-types==0.7.0
cachetools==6.2.1
certifi==2025.10.5
charset-normalizer==3.4.4
coverage==7.11.0
gbq==1.1.0
google-api-core==2.28.1
google-auth==2.42.1
google-cloud-bigquery==3.38.0
google-cloud-core==2.5.0
google-crc32c==1.7.1
google-resumable-media==2.7.2
googleapis-common-protos==1.71.0
grpcio==1.76.0
grpcio-status==1.76.0
idna==3.11
iniconfig==2.3.0
mypy==1.18.2
mypy-extensions==1.1.0
packaging==25.0
pathspec==0.12.1
pip==25.2
pluggy==1.6.0
proto-plus==1.26.1
protobuf==6.33.0
pyasn1==0.6.1
pyasn1-modules==0.4.2
pydantic==2.12.3
pydantic-core==2.41.4
pygments==2.19.2
pytest==8.4.2
pytest-cov==7.0.0
pytest-mock==3.15.1
python-dateutil==2.9.0.post0
requests==2.32.5
rsa==4.9.1
ruff==0.14.3
six==1.17.0
typing-extensions==4.15.0
typing-inspection==0.4.2
urllib3==2.5.0
